// !$*UTF8*$!
{
	archiveVersion = 1;
	classes = {
	};
	objectVersion = 48;
	objects = {

/* Begin PBXBuildFile section */
		238AC4EB1EF6E6F4003A50B1 /* AppDelegate.swift in Sources */ = {isa = PBXBuildFile; fileRef = 238AC4EA1EF6E6F4003A50B1 /* AppDelegate.swift */; };
		238AC4ED1EF6E6F4003A50B1 /* ViewController.swift in Sources */ = {isa = PBXBuildFile; fileRef = 238AC4EC1EF6E6F4003A50B1 /* ViewController.swift */; };
		238AC4F01EF6E6F4003A50B1 /* Main.storyboard in Resources */ = {isa = PBXBuildFile; fileRef = 238AC4EE1EF6E6F4003A50B1 /* Main.storyboard */; };
		238AC4F21EF6E6F4003A50B1 /* Assets.xcassets in Resources */ = {isa = PBXBuildFile; fileRef = 238AC4F11EF6E6F4003A50B1 /* Assets.xcassets */; };
		238AC4F51EF6E6F4003A50B1 /* LaunchScreen.storyboard in Resources */ = {isa = PBXBuildFile; fileRef = 238AC4F31EF6E6F4003A50B1 /* LaunchScreen.storyboard */; };
		238AC5001EF6E6F4003A50B1 /* Emoji_AppTests.swift in Sources */ = {isa = PBXBuildFile; fileRef = 238AC4FF1EF6E6F4003A50B1 /* Emoji_AppTests.swift */; };
		238AC50B1EF6E6F4003A50B1 /* Emoji_AppUITests.swift in Sources */ = {isa = PBXBuildFile; fileRef = 238AC50A1EF6E6F4003A50B1 /* Emoji_AppUITests.swift */; };
/* End PBXBuildFile section */

/* Begin PBXContainerItemProxy section */
		238AC4FC1EF6E6F4003A50B1 /* PBXContainerItemProxy */ = {
			isa = PBXContainerItemProxy;
			containerPortal = 238AC4DF1EF6E6F4003A50B1 /* Project object */;
			proxyType = 1;
			remoteGlobalIDString = 238AC4E61EF6E6F4003A50B1;
			remoteInfo = "Emoji App";
		};
		238AC5071EF6E6F4003A50B1 /* PBXContainerItemProxy */ = {
			isa = PBXContainerItemProxy;
			containerPortal = 238AC4DF1EF6E6F4003A50B1 /* Project object */;
			proxyType = 1;
			remoteGlobalIDString = 238AC4E61EF6E6F4003A50B1;
			remoteInfo = "Emoji App";
		};
/* End PBXContainerItemProxy section */

/* Begin PBXFileReference section */
		238AC4E71EF6E6F4003A50B1 /* Emoji App.app */ = {isa = PBXFileReference; explicitFileType = wrapper.application; includeInIndex = 0; path = "Emoji App.app"; sourceTree = BUILT_PRODUCTS_DIR; };
		238AC4EA1EF6E6F4003A50B1 /* AppDelegate.swift */ = {isa = PBXFileReference; lastKnownFileType = sourcecode.swift; path = AppDelegate.swift; sourceTree = "<group>"; };
		238AC4EC1EF6E6F4003A50B1 /* ViewController.swift */ = {isa = PBXFileReference; lastKnownFileType = sourcecode.swift; path = ViewController.swift; sourceTree = "<group>"; };
		238AC4EF1EF6E6F4003A50B1 /* Base */ = {isa = PBXFileReference; lastKnownFileType = file.storyboard; name = Base; path = Base.lproj/Main.storyboard; sourceTree = "<group>"; };
		238AC4F11EF6E6F4003A50B1 /* Assets.xcassets */ = {isa = PBXFileReference; lastKnownFileType = folder.assetcatalog; path = Assets.xcassets; sourceTree = "<group>"; };
		238AC4F41EF6E6F4003A50B1 /* Base */ = {isa = PBXFileReference; lastKnownFileType = file.storyboard; name = Base; path = Base.lproj/LaunchScreen.storyboard; sourceTree = "<group>"; };
		238AC4F61EF6E6F4003A50B1 /* Info.plist */ = {isa = PBXFileReference; lastKnownFileType = text.plist.xml; path = Info.plist; sourceTree = "<group>"; };
		238AC4FB1EF6E6F4003A50B1 /* Emoji AppTests.xctest */ = {isa = PBXFileReference; explicitFileType = wrapper.cfbundle; includeInIndex = 0; path = "Emoji AppTests.xctest"; sourceTree = BUILT_PRODUCTS_DIR; };
		238AC4FF1EF6E6F4003A50B1 /* Emoji_AppTests.swift */ = {isa = PBXFileReference; lastKnownFileType = sourcecode.swift; path = Emoji_AppTests.swift; sourceTree = "<group>"; };
		238AC5011EF6E6F4003A50B1 /* Info.plist */ = {isa = PBXFileReference; lastKnownFileType = text.plist.xml; path = Info.plist; sourceTree = "<group>"; };
		238AC5061EF6E6F4003A50B1 /* Emoji AppUITests.xctest */ = {isa = PBXFileReference; explicitFileType = wrapper.cfbundle; includeInIndex = 0; path = "Emoji AppUITests.xctest"; sourceTree = BUILT_PRODUCTS_DIR; };
		238AC50A1EF6E6F4003A50B1 /* Emoji_AppUITests.swift */ = {isa = PBXFileReference; lastKnownFileType = sourcecode.swift; path = Emoji_AppUITests.swift; sourceTree = "<group>"; };
		238AC50C1EF6E6F4003A50B1 /* Info.plist */ = {isa = PBXFileReference; lastKnownFileType = text.plist.xml; path = Info.plist; sourceTree = "<group>"; };
/* End PBXFileReference section */

/* Begin PBXFrameworksBuildPhase section */
		238AC4E41EF6E6F4003A50B1 /* Frameworks */ = {
			isa = PBXFrameworksBuildPhase;
			buildActionMask = 2147483647;
			files = (
			);
			runOnlyForDeploymentPostprocessing = 0;
		};
		238AC4F81EF6E6F4003A50B1 /* Frameworks */ = {
			isa = PBXFrameworksBuildPhase;
			buildActionMask = 2147483647;
			files = (
			);
			runOnlyForDeploymentPostprocessing = 0;
		};
		238AC5031EF6E6F4003A50B1 /* Frameworks */ = {
			isa = PBXFrameworksBuildPhase;
			buildActionMask = 2147483647;
			files = (
			);
			runOnlyForDeploymentPostprocessing = 0;
		};
/* End PBXFrameworksBuildPhase section */

/* Begin PBXGroup section */
		238AC4DE1EF6E6F4003A50B1 = {
			isa = PBXGroup;
			children = (
				238AC4E91EF6E6F4003A50B1 /* Emoji App */,
				238AC4FE1EF6E6F4003A50B1 /* Emoji AppTests */,
				238AC5091EF6E6F4003A50B1 /* Emoji AppUITests */,
				238AC4E81EF6E6F4003A50B1 /* Products */,
			);
			sourceTree = "<group>";
		};
		238AC4E81EF6E6F4003A50B1 /* Products */ = {
			isa = PBXGroup;
			children = (
				238AC4E71EF6E6F4003A50B1 /* Emoji App.app */,
				238AC4FB1EF6E6F4003A50B1 /* Emoji AppTests.xctest */,
				238AC5061EF6E6F4003A50B1 /* Emoji AppUITests.xctest */,
			);
			name = Products;
			sourceTree = "<group>";
		};
		238AC4E91EF6E6F4003A50B1 /* Emoji App */ = {
			isa = PBXGroup;
			children = (
				238AC4EA1EF6E6F4003A50B1 /* AppDelegate.swift */,
				238AC4EC1EF6E6F4003A50B1 /* ViewController.swift */,
				238AC4EE1EF6E6F4003A50B1 /* Main.storyboard */,
				238AC4F11EF6E6F4003A50B1 /* Assets.xcassets */,
				238AC4F31EF6E6F4003A50B1 /* LaunchScreen.storyboard */,
				238AC4F61EF6E6F4003A50B1 /* Info.plist */,
			);
			path = "Emoji App";
			sourceTree = "<group>";
		};
		238AC4FE1EF6E6F4003A50B1 /* Emoji AppTests */ = {
			isa = PBXGroup;
			children = (
				238AC4FF1EF6E6F4003A50B1 /* Emoji_AppTests.swift */,
				238AC5011EF6E6F4003A50B1 /* Info.plist */,
			);
			path = "Emoji AppTests";
			sourceTree = "<group>";
		};
		238AC5091EF6E6F4003A50B1 /* Emoji AppUITests */ = {
			isa = PBXGroup;
			children = (
				238AC50A1EF6E6F4003A50B1 /* Emoji_AppUITests.swift */,
				238AC50C1EF6E6F4003A50B1 /* Info.plist */,
			);
			path = "Emoji AppUITests";
			sourceTree = "<group>";
		};
/* End PBXGroup section */

/* Begin PBXNativeTarget section */
		238AC4E61EF6E6F4003A50B1 /* Emoji App */ = {
			isa = PBXNativeTarget;
			buildConfigurationList = 238AC50F1EF6E6F4003A50B1 /* Build configuration list for PBXNativeTarget "Emoji App" */;
			buildPhases = (
				238AC4E31EF6E6F4003A50B1 /* Sources */,
				238AC4E41EF6E6F4003A50B1 /* Frameworks */,
				238AC4E51EF6E6F4003A50B1 /* Resources */,
			);
			buildRules = (
			);
			dependencies = (
			);
			name = "Emoji App";
			productName = "Emoji App";
			productReference = 238AC4E71EF6E6F4003A50B1 /* Emoji App.app */;
			productType = "com.apple.product-type.application";
		};
		238AC4FA1EF6E6F4003A50B1 /* Emoji AppTests */ = {
			isa = PBXNativeTarget;
			buildConfigurationList = 238AC5121EF6E6F4003A50B1 /* Build configuration list for PBXNativeTarget "Emoji AppTests" */;
			buildPhases = (
				238AC4F71EF6E6F4003A50B1 /* Sources */,
				238AC4F81EF6E6F4003A50B1 /* Frameworks */,
				238AC4F91EF6E6F4003A50B1 /* Resources */,
			);
			buildRules = (
			);
			dependencies = (
				238AC4FD1EF6E6F4003A50B1 /* PBXTargetDependency */,
			);
			name = "Emoji AppTests";
			productName = "Emoji AppTests";
			productReference = 238AC4FB1EF6E6F4003A50B1 /* Emoji AppTests.xctest */;
			productType = "com.apple.product-type.bundle.unit-test";
		};
		238AC5051EF6E6F4003A50B1 /* Emoji AppUITests */ = {
			isa = PBXNativeTarget;
			buildConfigurationList = 238AC5151EF6E6F4003A50B1 /* Build configuration list for PBXNativeTarget "Emoji AppUITests" */;
			buildPhases = (
				238AC5021EF6E6F4003A50B1 /* Sources */,
				238AC5031EF6E6F4003A50B1 /* Frameworks */,
				238AC5041EF6E6F4003A50B1 /* Resources */,
			);
			buildRules = (
			);
			dependencies = (
				238AC5081EF6E6F4003A50B1 /* PBXTargetDependency */,
			);
			name = "Emoji AppUITests";
			productName = "Emoji AppUITests";
			productReference = 238AC5061EF6E6F4003A50B1 /* Emoji AppUITests.xctest */;
			productType = "com.apple.product-type.bundle.ui-testing";
		};
/* End PBXNativeTarget section */

/* Begin PBXProject section */
		238AC4DF1EF6E6F4003A50B1 /* Project object */ = {
			isa = PBXProject;
			attributes = {
				LastSwiftUpdateCheck = 0900;
				LastUpgradeCheck = 0900;
				ORGANIZATIONNAME = bigMdk;
				TargetAttributes = {
					238AC4E61EF6E6F4003A50B1 = {
						CreatedOnToolsVersion = 9.0;
					};
					238AC4FA1EF6E6F4003A50B1 = {
						CreatedOnToolsVersion = 9.0;
						TestTargetID = 238AC4E61EF6E6F4003A50B1;
					};
					238AC5051EF6E6F4003A50B1 = {
						CreatedOnToolsVersion = 9.0;
						TestTargetID = 238AC4E61EF6E6F4003A50B1;
					};
				};
			};
			buildConfigurationList = 238AC4E21EF6E6F4003A50B1 /* Build configuration list for PBXProject "Emoji App" */;
			compatibilityVersion = "Xcode 8.0";
			developmentRegion = en;
			hasScannedForEncodings = 0;
			knownRegions = (
				en,
				Base,
			);
			mainGroup = 238AC4DE1EF6E6F4003A50B1;
			productRefGroup = 238AC4E81EF6E6F4003A50B1 /* Products */;
			projectDirPath = "";
			projectRoot = "";
			targets = (
				238AC4E61EF6E6F4003A50B1 /* Emoji App */,
				238AC4FA1EF6E6F4003A50B1 /* Emoji AppTests */,
				238AC5051EF6E6F4003A50B1 /* Emoji AppUITests */,
			);
		};
/* End PBXProject section */

/* Begin PBXResourcesBuildPhase section */
		238AC4E51EF6E6F4003A50B1 /* Resources */ = {
			isa = PBXResourcesBuildPhase;
			buildActionMask = 2147483647;
			files = (
				238AC4F51EF6E6F4003A50B1 /* LaunchScreen.storyboard in Resources */,
				238AC4F21EF6E6F4003A50B1 /* Assets.xcassets in Resources */,
				238AC4F01EF6E6F4003A50B1 /* Main.storyboard in Resources */,
			);
			runOnlyForDeploymentPostprocessing = 0;
		};
		238AC4F91EF6E6F4003A50B1 /* Resources */ = {
			isa = PBXResourcesBuildPhase;
			buildActionMask = 2147483647;
			files = (
			);
			runOnlyForDeploymentPostprocessing = 0;
		};
		238AC5041EF6E6F4003A50B1 /* Resources */ = {
			isa = PBXResourcesBuildPhase;
			buildActionMask = 2147483647;
			files = (
			);
			runOnlyForDeploymentPostprocessing = 0;
		};
/* End PBXResourcesBuildPhase section */

/* Begin PBXSourcesBuildPhase section */
		238AC4E31EF6E6F4003A50B1 /* Sources */ = {
			isa = PBXSourcesBuildPhase;
			buildActionMask = 2147483647;
			files = (
				238AC4ED1EF6E6F4003A50B1 /* ViewController.swift in Sources */,
				238AC4EB1EF6E6F4003A50B1 /* AppDelegate.swift in Sources */,
			);
			runOnlyForDeploymentPostprocessing = 0;
		};
		238AC4F71EF6E6F4003A50B1 /* Sources */ = {
			isa = PBXSourcesBuildPhase;
			buildActionMask = 2147483647;
			files = (
				238AC5001EF6E6F4003A50B1 /* Emoji_AppTests.swift in Sources */,
			);
			runOnlyForDeploymentPostprocessing = 0;
		};
		238AC5021EF6E6F4003A50B1 /* Sources */ = {
			isa = PBXSourcesBuildPhase;
			buildActionMask = 2147483647;
			files = (
				238AC50B1EF6E6F4003A50B1 /* Emoji_AppUITests.swift in Sources */,
			);
			runOnlyForDeploymentPostprocessing = 0;
		};
/* End PBXSourcesBuildPhase section */

/* Begin PBXTargetDependency section */
		238AC4FD1EF6E6F4003A50B1 /* PBXTargetDependency */ = {
			isa = PBXTargetDependency;
			target = 238AC4E61EF6E6F4003A50B1 /* Emoji App */;
			targetProxy = 238AC4FC1EF6E6F4003A50B1 /* PBXContainerItemProxy */;
		};
		238AC5081EF6E6F4003A50B1 /* PBXTargetDependency */ = {
			isa = PBXTargetDependency;
			target = 238AC4E61EF6E6F4003A50B1 /* Emoji App */;
			targetProxy = 238AC5071EF6E6F4003A50B1 /* PBXContainerItemProxy */;
		};
/* End PBXTargetDependency section */

/* Begin PBXVariantGroup section */
		238AC4EE1EF6E6F4003A50B1 /* Main.storyboard */ = {
			isa = PBXVariantGroup;
			children = (
				238AC4EF1EF6E6F4003A50B1 /* Base */,
			);
			name = Main.storyboard;
			sourceTree = "<group>";
		};
		238AC4F31EF6E6F4003A50B1 /* LaunchScreen.storyboard */ = {
			isa = PBXVariantGroup;
			children = (
				238AC4F41EF6E6F4003A50B1 /* Base */,
			);
			name = LaunchScreen.storyboard;
			sourceTree = "<group>";
		};
/* End PBXVariantGroup section */

/* Begin XCBuildConfiguration section */
		238AC50D1EF6E6F4003A50B1 /* Debug */ = {
			isa = XCBuildConfiguration;
			buildSettings = {
				ALWAYS_SEARCH_USER_PATHS = NO;
				CLANG_ANALYZER_NONNULL = YES;
				CLANG_ANALYZER_NUMBER_OBJECT_CONVERSION = YES_AGGRESSIVE;
				CLANG_CXX_LANGUAGE_STANDARD = "gnu++14";
				CLANG_CXX_LIBRARY = "libc++";
				CLANG_ENABLE_MODULES = YES;
				CLANG_ENABLE_OBJC_ARC = YES;
				CLANG_WARN_BLOCK_CAPTURE_AUTORELEASING = YES;
				CLANG_WARN_BOOL_CONVERSION = YES;
				CLANG_WARN_COMMA = YES;
				CLANG_WARN_CONSTANT_CONVERSION = YES;
				CLANG_WARN_DIRECT_OBJC_ISA_USAGE = YES_ERROR;
				CLANG_WARN_DOCUMENTATION_COMMENTS = YES;
				CLANG_WARN_EMPTY_BODY = YES;
				CLANG_WARN_ENUM_CONVERSION = YES;
				CLANG_WARN_INFINITE_RECURSION = YES;
				CLANG_WARN_INT_CONVERSION = YES;
				CLANG_WARN_OBJC_ROOT_CLASS = YES_ERROR;
				CLANG_WARN_RANGE_LOOP_ANALYSIS = YES;
				CLANG_WARN_STRICT_PROTOTYPES = YES;
				CLANG_WARN_SUSPICIOUS_MOVE = YES;
				CLANG_WARN_UNGUARDED_AVAILABILITY = YES_AGGRESSIVE;
				CLANG_WARN_UNREACHABLE_CODE = YES;
				CLANG_WARN__DUPLICATE_METHOD_MATCH = YES;
				CODE_SIGN_IDENTITY = "iPhone Developer";
				COPY_PHASE_STRIP = NO;
				DEBUG_INFORMATION_FORMAT = dwarf;
				ENABLE_STRICT_OBJC_MSGSEND = YES;
				ENABLE_TESTABILITY = YES;
				GCC_C_LANGUAGE_STANDARD = gnu11;
				GCC_DYNAMIC_NO_PIC = NO;
				GCC_NO_COMMON_BLOCKS = YES;
				GCC_OPTIMIZATION_LEVEL = 0;
				GCC_PREPROCESSOR_DEFINITIONS = (
					"DEBUG=1",
					"$(inherited)",
				);
				GCC_WARN_64_TO_32_BIT_CONVERSION = YES;
				GCC_WARN_ABOUT_RETURN_TYPE = YES_ERROR;
				GCC_WARN_UNDECLARED_SELECTOR = YES;
				GCC_WARN_UNINITIALIZED_AUTOS = YES_AGGRESSIVE;
				GCC_WARN_UNUSED_FUNCTION = YES;
				GCC_WARN_UNUSED_VARIABLE = YES;
				IPHONEOS_DEPLOYMENT_TARGET = 11.0;
				MTL_ENABLE_DEBUG_INFO = YES;
				ONLY_ACTIVE_ARCH = YES;
				SDKROOT = iphoneos;
				SWIFT_ACTIVE_COMPILATION_CONDITIONS = DEBUG;
				SWIFT_OPTIMIZATION_LEVEL = "-Onone";
			};
			name = Debug;
		};
		238AC50E1EF6E6F4003A50B1 /* Release */ = {
			isa = XCBuildConfiguration;
			buildSettings = {
				ALWAYS_SEARCH_USER_PATHS = NO;
				CLANG_ANALYZER_NONNULL = YES;
				CLANG_ANALYZER_NUMBER_OBJECT_CONVERSION = YES_AGGRESSIVE;
				CLANG_CXX_LANGUAGE_STANDARD = "gnu++14";
				CLANG_CXX_LIBRARY = "libc++";
				CLANG_ENABLE_MODULES = YES;
				CLANG_ENABLE_OBJC_ARC = YES;
				CLANG_WARN_BLOCK_CAPTURE_AUTORELEASING = YES;
				CLANG_WARN_BOOL_CONVERSION = YES;
				CLANG_WARN_COMMA = YES;
				CLANG_WARN_CONSTANT_CONVERSION = YES;
				CLANG_WARN_DIRECT_OBJC_ISA_USAGE = YES_ERROR;
				CLANG_WARN_DOCUMENTATION_COMMENTS = YES;
				CLANG_WARN_EMPTY_BODY = YES;
				CLANG_WARN_ENUM_CONVERSION = YES;
				CLANG_WARN_INFINITE_RECURSION = YES;
				CLANG_WARN_INT_CONVERSION = YES;
				CLANG_WARN_OBJC_ROOT_CLASS = YES_ERROR;
				CLANG_WARN_RANGE_LOOP_ANALYSIS = YES;
				CLANG_WARN_STRICT_PROTOTYPES = YES;
				CLANG_WARN_SUSPICIOUS_MOVE = YES;
				CLANG_WARN_UNGUARDED_AVAILABILITY = YES_AGGRESSIVE;
				CLANG_WARN_UNREACHABLE_CODE = YES;
				CLANG_WARN__DUPLICATE_METHOD_MATCH = YES;
				CODE_SIGN_IDENTITY = "iPhone Developer";
				COPY_PHASE_STRIP = NO;
				DEBUG_INFORMATION_FORMAT = "dwarf-with-dsym";
				ENABLE_NS_ASSERTIONS = NO;
				ENABLE_STRICT_OBJC_MSGSEND = YES;
				GCC_C_LANGUAGE_STANDARD = gnu11;
				GCC_NO_COMMON_BLOCKS = YES;
				GCC_WARN_64_TO_32_BIT_CONVERSION = YES;
				GCC_WARN_ABOUT_RETURN_TYPE = YES_ERROR;
				GCC_WARN_UNDECLARED_SELECTOR = YES;
				GCC_WARN_UNINITIALIZED_AUTOS = YES_AGGRESSIVE;
				GCC_WARN_UNUSED_FUNCTION = YES;
				GCC_WARN_UNUSED_VARIABLE = YES;
				IPHONEOS_DEPLOYMENT_TARGET = 11.0;
				MTL_ENABLE_DEBUG_INFO = NO;
				SDKROOT = iphoneos;
				SWIFT_OPTIMIZATION_LEVEL = "-Owholemodule";
				VALIDATE_PRODUCT = YES;
			};
			name = Release;
		};
		238AC5101EF6E6F4003A50B1 /* Debug */ = {
			isa = XCBuildConfiguration;
			buildSettings = {
				ASSETCATALOG_COMPILER_APPICON_NAME = AppIcon;
				DEVELOPMENT_TEAM = 8YAE3V6PVC;
				INFOPLIST_FILE = "Emoji App/Info.plist";
				LD_RUNPATH_SEARCH_PATHS = "$(inherited) @executable_path/Frameworks";
				PRODUCT_BUNDLE_IDENTIFIER = "com.bigMdk.Emoji-App";
				PRODUCT_NAME = "$(TARGET_NAME)";
				SWIFT_VERSION = 4.0;
				TARGETED_DEVICE_FAMILY = "1,2";
			};
			name = Debug;
		};
		238AC5111EF6E6F4003A50B1 /* Release */ = {
			isa = XCBuildConfiguration;
			buildSettings = {
				ASSETCATALOG_COMPILER_APPICON_NAME = AppIcon;
				DEVELOPMENT_TEAM = 8YAE3V6PVC;
				INFOPLIST_FILE = "Emoji App/Info.plist";
				LD_RUNPATH_SEARCH_PATHS = "$(inherited) @executable_path/Frameworks";
				PRODUCT_BUNDLE_IDENTIFIER = "com.bigMdk.Emoji-App";
				PRODUCT_NAME = "$(TARGET_NAME)";
				SWIFT_VERSION = 4.0;
				TARGETED_DEVICE_FAMILY = "1,2";
			};
			name = Release;
		};
		238AC5131EF6E6F4003A50B1 /* Debug */ = {
			isa = XCBuildConfiguration;
			buildSettings = {
				ALWAYS_EMBED_SWIFT_STANDARD_LIBRARIES = YES;
				BUNDLE_LOADER = "$(TEST_HOST)";
				DEVELOPMENT_TEAM = 8YAE3V6PVC;
				INFOPLIST_FILE = "Emoji AppTests/Info.plist";
				LD_RUNPATH_SEARCH_PATHS = "$(inherited) @executable_path/Frameworks @loader_path/Frameworks";
				PRODUCT_BUNDLE_IDENTIFIER = "com.bigMdk.Emoji-AppTests";
				PRODUCT_NAME = "$(TARGET_NAME)";
				SWIFT_VERSION = 4.0;
				TARGETED_DEVICE_FAMILY = "1,2";
				TEST_HOST = "$(BUILT_PRODUCTS_DIR)/Emoji App.app/Emoji App";
			};
			name = Debug;
		};
		238AC5141EF6E6F4003A50B1 /* Release */ = {
			isa = XCBuildConfiguration;
			buildSettings = {
				ALWAYS_EMBED_SWIFT_STANDARD_LIBRARIES = YES;
				BUNDLE_LOADER = "$(TEST_HOST)";
				DEVELOPMENT_TEAM = 8YAE3V6PVC;
				INFOPLIST_FILE = "Emoji AppTests/Info.plist";
				LD_RUNPATH_SEARCH_PATHS = "$(inherited) @executable_path/Frameworks @loader_path/Frameworks";
				PRODUCT_BUNDLE_IDENTIFIER = "com.bigMdk.Emoji-AppTests";
				PRODUCT_NAME = "$(TARGET_NAME)";
				SWIFT_VERSION = 4.0;
				TARGETED_DEVICE_FAMILY = "1,2";
				TEST_HOST = "$(BUILT_PRODUCTS_DIR)/Emoji App.app/Emoji App";
			};
			name = Release;
		};
		238AC5161EF6E6F4003A50B1 /* Debug */ = {
			isa = XCBuildConfiguration;
			buildSettings = {
				ALWAYS_EMBED_SWIFT_STANDARD_LIBRARIES = YES;
				DEVELOPMENT_TEAM = 8YAE3V6PVC;
				INFOPLIST_FILE = "Emoji AppUITests/Info.plist";
				LD_RUNPATH_SEARCH_PATHS = "$(inherited) @executable_path/Frameworks @loader_path/Frameworks";
				PRODUCT_BUNDLE_IDENTIFIER = "com.bigMdk.Emoji-AppUITests";
				PRODUCT_NAME = "$(TARGET_NAME)";
				SWIFT_VERSION = 4.0;
				TARGETED_DEVICE_FAMILY = "1,2";
				TEST_TARGET_NAME = "Emoji App";
			};
			name = Debug;
		};
		238AC5171EF6E6F4003A50B1 /* Release */ = {
			isa = XCBuildConfiguration;
			buildSettings = {
				ALWAYS_EMBED_SWIFT_STANDARD_LIBRARIES = YES;
				DEVELOPMENT_TEAM = 8YAE3V6PVC;
				INFOPLIST_FILE = "Emoji AppUITests/Info.plist";
				LD_RUNPATH_SEARCH_PATHS = "$(inherited) @executable_path/Frameworks @loader_path/Frameworks";
				PRODUCT_BUNDLE_IDENTIFIER = "com.bigMdk.Emoji-AppUITests";
				PRODUCT_NAME = "$(TARGET_NAME)";
				SWIFT_VERSION = 4.0;
				TARGETED_DEVICE_FAMILY = "1,2";
				TEST_TARGET_NAME = "Emoji App";
			};
			name = Release;
		};
/* End XCBuildConfiguration section */

/* Begin XCConfigurationList section */
		238AC4E21EF6E6F4003A50B1 /* Build configuration list for PBXProject "Emoji App" */ = {
			isa = XCConfigurationList;
			buildConfigurations = (
				238AC50D1EF6E6F4003A50B1 /* Debug */,
				238AC50E1EF6E6F4003A50B1 /* Release */,
			);
			defaultConfigurationIsVisible = 0;
			defaultConfigurationName = Release;
		};
		238AC50F1EF6E6F4003A50B1 /* Build configuration list for PBXNativeTarget "Emoji App" */ = {
			isa = XCConfigurationList;
			buildConfigurations = (
				238AC5101EF6E6F4003A50B1 /* Debug */,
				238AC5111EF6E6F4003A50B1 /* Release */,
			);
			defaultConfigurationIsVisible = 0;
		};
		238AC5121EF6E6F4003A50B1 /* Build configuration list for PBXNativeTarget "Emoji AppTests" */ = {
			isa = XCConfigurationList;
			buildConfigurations = (
				238AC5131EF6E6F4003A50B1 /* Debug */,
				238AC5141EF6E6F4003A50B1 /* Release */,
			);
			defaultConfigurationIsVisible = 0;
		};
		238AC5151EF6E6F4003A50B1 /* Build configuration list for PBXNativeTarget "Emoji AppUITests" */ = {
			isa = XCConfigurationList;
			buildConfigurations = (
				238AC5161EF6E6F4003A50B1 /* Debug */,
				238AC5171EF6E6F4003A50B1 /* Release */,
			);
			defaultConfigurationIsVisible = 0;
		};
/* End XCConfigurationList section */
	};
	rootObject = 238AC4DF1EF6E6F4003A50B1 /* Project object */;
}
